
Microsoft Visual Studio Solution File, Format Version 12.00
# Visual Studio Version 17
VisualStudioVersion = 17.5.33530.505
MinimumVisualStudioVersion = 10.0.40219.1
Project("{FAE04EC0-301F-11D3-BF4B-00C04F79EFBC}") = "Exame", "Exame\Exame.csproj", "{B160F37E-BCA1-4923-81C5-2FF91E60E3AD}"
EndProject
Global
	GlobalSection(SolutionConfigurationPlatforms) = preSolution
		Debug|Any CPU = Debug|Any CPU
		Release|Any CPU = Release|Any CPU
	EndGlobalSection
	GlobalSection(ProjectConfigurationPlatforms) = postSolution
		{B160F37E-BCA1-4923-81C5-2FF91E60E3AD}.Debug|Any CPU.ActiveCfg = Debug|Any CPU
		{B160F37E-BCA1-4923-81C5-2FF91E60E3AD}.Debug|Any CPU.Build.0 = Debug|Any CPU
		{B160F37E-BCA1-4923-81C5-2FF91E60E3AD}.Release|Any CPU.ActiveCfg = Release|Any CPU
		{B160F37E-BCA1-4923-81C5-2FF91E60E3AD}.Release|Any CPU.Build.0 = Release|Any CPU
	EndGlobalSection
	GlobalSection(SolutionProperties) = preSolution
		HideSolutionNode = FALSE
	EndGlobalSection
	GlobalSection(ExtensibilityGlobals) = postSolution
		SolutionGuid = {775992EC-D9E0-48B8-8E17-6BF2570C5087}
	EndGlobalSection
EndGlobal
