
Microsoft Visual Studio Solution File, Format Version 12.00
# Visual Studio Version 17
VisualStudioVersion = 17.5.33530.505
MinimumVisualStudioVersion = 10.0.40219.1
Project("{9A19103F-16F7-4668-BE54-9A1E7A4F7556}") = "Lesson06", "Lesson06\Lesson06.csproj", "{E725655D-9B03-4744-83D3-02840262E36B}"
EndProject
Project("{9A19103F-16F7-4668-BE54-9A1E7A4F7556}") = "Lab07_1", "Lab07_1\Lab07_1.csproj", "{F202DCB2-409C-476E-8EFD-399E98A271A0}"
EndProject
Project("{9A19103F-16F7-4668-BE54-9A1E7A4F7556}") = "Lab07_2", "Lab07_2\Lab07_2.csproj", "{5B3D22AC-C42B-4DE2-BE1A-DA624474045C}"
EndProject
Project("{9A19103F-16F7-4668-BE54-9A1E7A4F7556}") = "Lab07_3", "Lab07_3\Lab07_3.csproj", "{3C8985F1-CDF5-41C7-947E-55873644127F}"
EndProject
Project("{9A19103F-16F7-4668-BE54-9A1E7A4F7556}") = "Lab07_4", "Lab07_4\Lab07_4.csproj", "{AA6C2F28-C7B3-454D-AE9F-EA582FC3608C}"
EndProject
Project("{9A19103F-16F7-4668-BE54-9A1E7A4F7556}") = "Lab07_1_P2", "Lab07_1_P2\Lab07_1_P2.csproj", "{857AC2EA-6E61-4E3F-85B2-6669AB5C7483}"
EndProject
Project("{9A19103F-16F7-4668-BE54-9A1E7A4F7556}") = "Lab07_3_P2", "Lab07_3_P2\Lab07_3_P2.csproj", "{9A1B59DE-6083-4C9B-B0C6-A658AF54B8BE}"
EndProject
Project("{9A19103F-16F7-4668-BE54-9A1E7A4F7556}") = "Lab07_2_P2", "Lab07_2_P2\Lab07_2_P2.csproj", "{74130970-478B-473C-8B6C-F604FD56D2BA}"
EndProject
Project("{FAE04EC0-301F-11D3-BF4B-00C04F79EFBC}") = "Lab07_4_P2", "Lab07_4_P2\Lab07_4_P2.csproj", "{F44121D3-530F-4D1E-B05E-FA151EE40BF6}"
EndProject
Global
	GlobalSection(SolutionConfigurationPlatforms) = preSolution
		Debug|Any CPU = Debug|Any CPU
		Release|Any CPU = Release|Any CPU
	EndGlobalSection
	GlobalSection(ProjectConfigurationPlatforms) = postSolution
		{E725655D-9B03-4744-83D3-02840262E36B}.Debug|Any CPU.ActiveCfg = Debug|Any CPU
		{E725655D-9B03-4744-83D3-02840262E36B}.Debug|Any CPU.Build.0 = Debug|Any CPU
		{E725655D-9B03-4744-83D3-02840262E36B}.Release|Any CPU.ActiveCfg = Release|Any CPU
		{E725655D-9B03-4744-83D3-02840262E36B}.Release|Any CPU.Build.0 = Release|Any CPU
		{F202DCB2-409C-476E-8EFD-399E98A271A0}.Debug|Any CPU.ActiveCfg = Debug|Any CPU
		{F202DCB2-409C-476E-8EFD-399E98A271A0}.Debug|Any CPU.Build.0 = Debug|Any CPU
		{F202DCB2-409C-476E-8EFD-399E98A271A0}.Release|Any CPU.ActiveCfg = Release|Any CPU
		{F202DCB2-409C-476E-8EFD-399E98A271A0}.Release|Any CPU.Build.0 = Release|Any CPU
		{5B3D22AC-C42B-4DE2-BE1A-DA624474045C}.Debug|Any CPU.ActiveCfg = Debug|Any CPU
		{5B3D22AC-C42B-4DE2-BE1A-DA624474045C}.Debug|Any CPU.Build.0 = Debug|Any CPU
		{5B3D22AC-C42B-4DE2-BE1A-DA624474045C}.Release|Any CPU.ActiveCfg = Release|Any CPU
		{5B3D22AC-C42B-4DE2-BE1A-DA624474045C}.Release|Any CPU.Build.0 = Release|Any CPU
		{3C8985F1-CDF5-41C7-947E-55873644127F}.Debug|Any CPU.ActiveCfg = Debug|Any CPU
		{3C8985F1-CDF5-41C7-947E-55873644127F}.Debug|Any CPU.Build.0 = Debug|Any CPU
		{3C8985F1-CDF5-41C7-947E-55873644127F}.Release|Any CPU.ActiveCfg = Release|Any CPU
		{3C8985F1-CDF5-41C7-947E-55873644127F}.Release|Any CPU.Build.0 = Release|Any CPU
		{AA6C2F28-C7B3-454D-AE9F-EA582FC3608C}.Debug|Any CPU.ActiveCfg = Debug|Any CPU
		{AA6C2F28-C7B3-454D-AE9F-EA582FC3608C}.Debug|Any CPU.Build.0 = Debug|Any CPU
		{AA6C2F28-C7B3-454D-AE9F-EA582FC3608C}.Release|Any CPU.ActiveCfg = Release|Any CPU
		{AA6C2F28-C7B3-454D-AE9F-EA582FC3608C}.Release|Any CPU.Build.0 = Release|Any CPU
		{857AC2EA-6E61-4E3F-85B2-6669AB5C7483}.Debug|Any CPU.ActiveCfg = Debug|Any CPU
		{857AC2EA-6E61-4E3F-85B2-6669AB5C7483}.Debug|Any CPU.Build.0 = Debug|Any CPU
		{857AC2EA-6E61-4E3F-85B2-6669AB5C7483}.Release|Any CPU.ActiveCfg = Release|Any CPU
		{857AC2EA-6E61-4E3F-85B2-6669AB5C7483}.Release|Any CPU.Build.0 = Release|Any CPU
		{9A1B59DE-6083-4C9B-B0C6-A658AF54B8BE}.Debug|Any CPU.ActiveCfg = Debug|Any CPU
		{9A1B59DE-6083-4C9B-B0C6-A658AF54B8BE}.Debug|Any CPU.Build.0 = Debug|Any CPU
		{9A1B59DE-6083-4C9B-B0C6-A658AF54B8BE}.Release|Any CPU.ActiveCfg = Release|Any CPU
		{9A1B59DE-6083-4C9B-B0C6-A658AF54B8BE}.Release|Any CPU.Build.0 = Release|Any CPU
		{74130970-478B-473C-8B6C-F604FD56D2BA}.Debug|Any CPU.ActiveCfg = Debug|Any CPU
		{74130970-478B-473C-8B6C-F604FD56D2BA}.Debug|Any CPU.Build.0 = Debug|Any CPU
		{74130970-478B-473C-8B6C-F604FD56D2BA}.Release|Any CPU.ActiveCfg = Release|Any CPU
		{74130970-478B-473C-8B6C-F604FD56D2BA}.Release|Any CPU.Build.0 = Release|Any CPU
		{F44121D3-530F-4D1E-B05E-FA151EE40BF6}.Debug|Any CPU.ActiveCfg = Debug|Any CPU
		{F44121D3-530F-4D1E-B05E-FA151EE40BF6}.Debug|Any CPU.Build.0 = Debug|Any CPU
		{F44121D3-530F-4D1E-B05E-FA151EE40BF6}.Release|Any CPU.ActiveCfg = Release|Any CPU
		{F44121D3-530F-4D1E-B05E-FA151EE40BF6}.Release|Any CPU.Build.0 = Release|Any CPU
	EndGlobalSection
	GlobalSection(SolutionProperties) = preSolution
		HideSolutionNode = FALSE
	EndGlobalSection
	GlobalSection(ExtensibilityGlobals) = postSolution
		SolutionGuid = {62BA6ED5-2468-4C09-8DC5-01E550B31B95}
	EndGlobalSection
EndGlobal
