
Microsoft Visual Studio Solution File, Format Version 12.00
# Visual Studio Version 17
VisualStudioVersion = 17.5.33530.505
MinimumVisualStudioVersion = 10.0.40219.1
Project("{9A19103F-16F7-4668-BE54-9A1E7A4F7556}") = "NETCore_Lesson06", "NETCore_Lesson06\NETCore_Lesson06.csproj", "{75CDC767-C9E0-4CFE-AAAD-8A4FB0A9B79F}"
EndProject
Project("{9A19103F-16F7-4668-BE54-9A1E7A4F7556}") = "NETCore_Lesson06_FirstCode", "NETCore_Lesson06_FirstCode\NETCore_Lesson06_FirstCode.csproj", "{43A53A0C-2B4F-46AE-9F69-D89681F7D7A5}"
EndProject
Project("{FAE04EC0-301F-11D3-BF4B-00C04F79EFBC}") = "NETCore_Lesson06_Lab01", "NETCore_Lesson06_Lab01\NETCore_Lesson06_Lab01.csproj", "{736D91EB-750F-4382-9120-F14C1261F996}"
EndProject
Global
	GlobalSection(SolutionConfigurationPlatforms) = preSolution
		Debug|Any CPU = Debug|Any CPU
		Release|Any CPU = Release|Any CPU
	EndGlobalSection
	GlobalSection(ProjectConfigurationPlatforms) = postSolution
		{75CDC767-C9E0-4CFE-AAAD-8A4FB0A9B79F}.Debug|Any CPU.ActiveCfg = Debug|Any CPU
		{75CDC767-C9E0-4CFE-AAAD-8A4FB0A9B79F}.Debug|Any CPU.Build.0 = Debug|Any CPU
		{75CDC767-C9E0-4CFE-AAAD-8A4FB0A9B79F}.Release|Any CPU.ActiveCfg = Release|Any CPU
		{75CDC767-C9E0-4CFE-AAAD-8A4FB0A9B79F}.Release|Any CPU.Build.0 = Release|Any CPU
		{43A53A0C-2B4F-46AE-9F69-D89681F7D7A5}.Debug|Any CPU.ActiveCfg = Debug|Any CPU
		{43A53A0C-2B4F-46AE-9F69-D89681F7D7A5}.Debug|Any CPU.Build.0 = Debug|Any CPU
		{43A53A0C-2B4F-46AE-9F69-D89681F7D7A5}.Release|Any CPU.ActiveCfg = Release|Any CPU
		{43A53A0C-2B4F-46AE-9F69-D89681F7D7A5}.Release|Any CPU.Build.0 = Release|Any CPU
		{736D91EB-750F-4382-9120-F14C1261F996}.Debug|Any CPU.ActiveCfg = Debug|Any CPU
		{736D91EB-750F-4382-9120-F14C1261F996}.Debug|Any CPU.Build.0 = Debug|Any CPU
		{736D91EB-750F-4382-9120-F14C1261F996}.Release|Any CPU.ActiveCfg = Release|Any CPU
		{736D91EB-750F-4382-9120-F14C1261F996}.Release|Any CPU.Build.0 = Release|Any CPU
	EndGlobalSection
	GlobalSection(SolutionProperties) = preSolution
		HideSolutionNode = FALSE
	EndGlobalSection
	GlobalSection(ExtensibilityGlobals) = postSolution
		SolutionGuid = {756EB2AF-0D39-43C5-B923-8527A7FDCE3A}
	EndGlobalSection
EndGlobal
