
Microsoft Visual Studio Solution File, Format Version 12.00
# Visual Studio Version 17
VisualStudioVersion = 17.5.33530.505
MinimumVisualStudioVersion = 10.0.40219.1
Project("{FAE04EC0-301F-11D3-BF4B-00C04F79EFBC}") = "NETCore_Lesson07", "NETCore_Lesson07\NETCore_Lesson07.csproj", "{A56549DA-7F3F-466E-84E3-EB77109EA63D}"
EndProject
Global
	GlobalSection(SolutionConfigurationPlatforms) = preSolution
		Debug|Any CPU = Debug|Any CPU
		Release|Any CPU = Release|Any CPU
	EndGlobalSection
	GlobalSection(ProjectConfigurationPlatforms) = postSolution
		{A56549DA-7F3F-466E-84E3-EB77109EA63D}.Debug|Any CPU.ActiveCfg = Debug|Any CPU
		{A56549DA-7F3F-466E-84E3-EB77109EA63D}.Debug|Any CPU.Build.0 = Debug|Any CPU
		{A56549DA-7F3F-466E-84E3-EB77109EA63D}.Release|Any CPU.ActiveCfg = Release|Any CPU
		{A56549DA-7F3F-466E-84E3-EB77109EA63D}.Release|Any CPU.Build.0 = Release|Any CPU
	EndGlobalSection
	GlobalSection(SolutionProperties) = preSolution
		HideSolutionNode = FALSE
	EndGlobalSection
	GlobalSection(ExtensibilityGlobals) = postSolution
		SolutionGuid = {B71AF5A8-33F7-4AB0-BA5A-0935159D4644}
	EndGlobalSection
EndGlobal
