
Microsoft Visual Studio Solution File, Format Version 12.00
# Visual Studio Version 17
VisualStudioVersion = 17.5.33530.505
MinimumVisualStudioVersion = 10.0.40219.1
Project("{FAE04EC0-301F-11D3-BF4B-00C04F79EFBC}") = "NETCore_Lesson08", "NETCore_Lesson08\NETCore_Lesson08.csproj", "{F9087206-9EB6-425F-A2E0-CB97F6F3CA2C}"
EndProject
Project("{FAE04EC0-301F-11D3-BF4B-00C04F79EFBC}") = "NETCore_Lesson07_Lab01", "NETCore_Lesson07_Lab01\NETCore_Lesson07_Lab01.csproj", "{B56EAD01-D900-4701-9B64-72A1A3A3D393}"
EndProject
Project("{FAE04EC0-301F-11D3-BF4B-00C04F79EFBC}") = "NETCore_Lesson07_LabTuLam", "NETCore_Lesson07_LabTuLam\NETCore_Lesson07_LabTuLam.csproj", "{370E8C84-2482-4B0C-9138-EE75EE9D4AC6}"
EndProject
Global
	GlobalSection(SolutionConfigurationPlatforms) = preSolution
		Debug|Any CPU = Debug|Any CPU
		Release|Any CPU = Release|Any CPU
	EndGlobalSection
	GlobalSection(ProjectConfigurationPlatforms) = postSolution
		{F9087206-9EB6-425F-A2E0-CB97F6F3CA2C}.Debug|Any CPU.ActiveCfg = Debug|Any CPU
		{F9087206-9EB6-425F-A2E0-CB97F6F3CA2C}.Debug|Any CPU.Build.0 = Debug|Any CPU
		{F9087206-9EB6-425F-A2E0-CB97F6F3CA2C}.Release|Any CPU.ActiveCfg = Release|Any CPU
		{F9087206-9EB6-425F-A2E0-CB97F6F3CA2C}.Release|Any CPU.Build.0 = Release|Any CPU
		{B56EAD01-D900-4701-9B64-72A1A3A3D393}.Debug|Any CPU.ActiveCfg = Debug|Any CPU
		{B56EAD01-D900-4701-9B64-72A1A3A3D393}.Debug|Any CPU.Build.0 = Debug|Any CPU
		{B56EAD01-D900-4701-9B64-72A1A3A3D393}.Release|Any CPU.ActiveCfg = Release|Any CPU
		{B56EAD01-D900-4701-9B64-72A1A3A3D393}.Release|Any CPU.Build.0 = Release|Any CPU
		{370E8C84-2482-4B0C-9138-EE75EE9D4AC6}.Debug|Any CPU.ActiveCfg = Debug|Any CPU
		{370E8C84-2482-4B0C-9138-EE75EE9D4AC6}.Debug|Any CPU.Build.0 = Debug|Any CPU
		{370E8C84-2482-4B0C-9138-EE75EE9D4AC6}.Release|Any CPU.ActiveCfg = Release|Any CPU
		{370E8C84-2482-4B0C-9138-EE75EE9D4AC6}.Release|Any CPU.Build.0 = Release|Any CPU
	EndGlobalSection
	GlobalSection(SolutionProperties) = preSolution
		HideSolutionNode = FALSE
	EndGlobalSection
	GlobalSection(ExtensibilityGlobals) = postSolution
		SolutionGuid = {AACCBA23-2023-4271-9258-A56BC3E805DD}
	EndGlobalSection
EndGlobal
